// !$*UTF8*$!
{
	archiveVersion = 1;
	classes = {
	};
	objectVersion = 54;
	objects = {

/* Begin PBXBuildFile section */
		BE03FFA62686B44E00C6C177 /* ContentView.swift in Sources */ = {isa = PBXBuildFile; fileRef = BE03FFA52686B44E00C6C177 /* ContentView.swift */; };
		BE03FFA82686B45000C6C177 /* Assets.xcassets in Resources */ = {isa = PBXBuildFile; fileRef = BE03FFA72686B45000C6C177 /* Assets.xcassets */; };
		BE03FFAB2686B45000C6C177 /* Preview Assets.xcassets in Resources */ = {isa = PBXBuildFile; fileRef = BE03FFAA2686B45000C6C177 /* Preview Assets.xcassets */; };
		BE03FFCD2686B5A600C6C177 /* Profile.swift in Sources */ = {isa = PBXBuildFile; fileRef = BE7BE95B267AF6C2006BFFE1 /* Profile.swift */; };
		BE03FFCE2686B5A600C6C177 /* LandmarksApp.swift in Sources */ = {isa = PBXBuildFile; fileRef = BE04704526781A45009BA9B1 /* LandmarksApp.swift */; };
		BE03FFCF2686B5A600C6C177 /* CircleImage.swift in Sources */ = {isa = PBXBuildFile; fileRef = BE04705726783F57009BA9B1 /* CircleImage.swift */; };
		BE03FFD02686B5A600C6C177 /* LandmarkRow.swift in Sources */ = {isa = PBXBuildFile; fileRef = BE61E0D72678567E0030CEED /* LandmarkRow.swift */; };
		BE03FFD12686B5A600C6C177 /* LandmarkList.swift in Sources */ = {isa = PBXBuildFile; fileRef = BE61E0DA267857FA0030CEED /* LandmarkList.swift */; };
		BE03FFD22686B5A600C6C177 /* ModelData.swift in Sources */ = {isa = PBXBuildFile; fileRef = BE61E0CF267853F40030CEED /* ModelData.swift */; };
		BE03FFD32686B5A600C6C177 /* Landmark.swift in Sources */ = {isa = PBXBuildFile; fileRef = BE61E0CC2678528C0030CEED /* Landmark.swift */; };
		BE03FFD42686B5A600C6C177 /* Hike.swift in Sources */ = {isa = PBXBuildFile; fileRef = BE24F80B2679A6E900E207E5 /* Hike.swift */; };
		BE03FFD52686B5A600C6C177 /* FavoriteButton.swift in Sources */ = {isa = PBXBuildFile; fileRef = BE24F7ED267998F600E207E5 /* FavoriteButton.swift */; };
		BE03FFD62686B5A600C6C177 /* MapView.swift in Sources */ = {isa = PBXBuildFile; fileRef = BE61E0C0267840F50030CEED /* MapView.swift */; };
		BE03FFD72686B5A600C6C177 /* hikeData.json in Resources */ = {isa = PBXBuildFile; fileRef = BE24F8082679A6CD00E207E5 /* hikeData.json */; };
		BE03FFD82686B5A600C6C177 /* landmarkData.json in Resources */ = {isa = PBXBuildFile; fileRef = BE61E0C92678525B0030CEED /* landmarkData.json */; };
		BE03FFD92686B5A600C6C177 /* Assets.xcassets in Resources */ = {isa = PBXBuildFile; fileRef = BE04704926781A46009BA9B1 /* Assets.xcassets */; };
		BE03FFDB2686B8E800C6C177 /* LandmarkDetail.swift in Sources */ = {isa = PBXBuildFile; fileRef = BE03FFDA2686B8E800C6C177 /* LandmarkDetail.swift */; };
		BE03FFDD2686C74E00C6C177 /* LandmarkList.swift in Sources */ = {isa = PBXBuildFile; fileRef = BE03FFDC2686C74E00C6C177 /* LandmarkList.swift */; };
		BE03FFDE2686C77800C6C177 /* LandmarkRow.swift in Sources */ = {isa = PBXBuildFile; fileRef = BE61E0D72678567E0030CEED /* LandmarkRow.swift */; };
		BE03FFE02686CF1000C6C177 /* LandmarkCommands.swift in Sources */ = {isa = PBXBuildFile; fileRef = BE03FFDF2686CF1000C6C177 /* LandmarkCommands.swift */; };
		BE03FFE12686CF1000C6C177 /* LandmarkCommands.swift in Sources */ = {isa = PBXBuildFile; fileRef = BE03FFDF2686CF1000C6C177 /* LandmarkCommands.swift */; };
		BE03FFE32686D6C000C6C177 /* LandmarkSettings.swift in Sources */ = {isa = PBXBuildFile; fileRef = BE03FFE22686D6C000C6C177 /* LandmarkSettings.swift */; };
		BE04704626781A45009BA9B1 /* LandmarksApp.swift in Sources */ = {isa = PBXBuildFile; fileRef = BE04704526781A45009BA9B1 /* LandmarksApp.swift */; };
		BE04704826781A45009BA9B1 /* ContentView.swift in Sources */ = {isa = PBXBuildFile; fileRef = BE04704726781A45009BA9B1 /* ContentView.swift */; };
		BE04704A26781A46009BA9B1 /* Assets.xcassets in Resources */ = {isa = PBXBuildFile; fileRef = BE04704926781A46009BA9B1 /* Assets.xcassets */; };
		BE04704D26781A46009BA9B1 /* Preview Assets.xcassets in Resources */ = {isa = PBXBuildFile; fileRef = BE04704C26781A46009BA9B1 /* Preview Assets.xcassets */; };
		BE04705826783F57009BA9B1 /* CircleImage.swift in Sources */ = {isa = PBXBuildFile; fileRef = BE04705726783F57009BA9B1 /* CircleImage.swift */; };
		BE10E887267C3F7C0077AD0E /* ProfileEditor.swift in Sources */ = {isa = PBXBuildFile; fileRef = BE10E886267C3F7C0077AD0E /* ProfileEditor.swift */; };
		BE10E88C267C44AF0077AD0E /* PageViewController.swift in Sources */ = {isa = PBXBuildFile; fileRef = BE10E88B267C44AF0077AD0E /* PageViewController.swift */; };
		BE10E88F267C46D90077AD0E /* FeatureCard.swift in Sources */ = {isa = PBXBuildFile; fileRef = BE10E88E267C46D90077AD0E /* FeatureCard.swift */; };
		BE10E892267C48D40077AD0E /* PageView.swift in Sources */ = {isa = PBXBuildFile; fileRef = BE10E891267C48D40077AD0E /* PageView.swift */; };
		BE10E895267C4DEB0077AD0E /* PageControl.swift in Sources */ = {isa = PBXBuildFile; fileRef = BE10E894267C4DEB0077AD0E /* PageControl.swift */; };
		BE24F7EE267998F600E207E5 /* FavoriteButton.swift in Sources */ = {isa = PBXBuildFile; fileRef = BE24F7ED267998F600E207E5 /* FavoriteButton.swift */; };
		BE24F7F426799CC200E207E5 /* HexagonParameters.swift in Sources */ = {isa = PBXBuildFile; fileRef = BE24F7F326799CC200E207E5 /* HexagonParameters.swift */; };
		BE24F7F726799DC500E207E5 /* BadgeBackground.swift in Sources */ = {isa = PBXBuildFile; fileRef = BE24F7F626799DC500E207E5 /* BadgeBackground.swift */; };
		BE24F7FA2679A33800E207E5 /* BadgeSymbol.swift in Sources */ = {isa = PBXBuildFile; fileRef = BE24F7F92679A33800E207E5 /* BadgeSymbol.swift */; };
		BE24F7FD2679A3A300E207E5 /* RotatedBadgeSymbol.swift in Sources */ = {isa = PBXBuildFile; fileRef = BE24F7FC2679A3A300E207E5 /* RotatedBadgeSymbol.swift */; };
		BE24F8002679A3DC00E207E5 /* Badge.swift in Sources */ = {isa = PBXBuildFile; fileRef = BE24F7FF2679A3DC00E207E5 /* Badge.swift */; };
		BE24F8092679A6CD00E207E5 /* hikeData.json in Resources */ = {isa = PBXBuildFile; fileRef = BE24F8082679A6CD00E207E5 /* hikeData.json */; };
		BE24F80C2679A6E900E207E5 /* Hike.swift in Sources */ = {isa = PBXBuildFile; fileRef = BE24F80B2679A6E900E207E5 /* Hike.swift */; };
		BE24F8132679A75D00E207E5 /* GraphCapsule.swift in Sources */ = {isa = PBXBuildFile; fileRef = BE24F80F2679A75D00E207E5 /* GraphCapsule.swift */; };
		BE24F8142679A75D00E207E5 /* HikeDetail.swift in Sources */ = {isa = PBXBuildFile; fileRef = BE24F8102679A75D00E207E5 /* HikeDetail.swift */; };
		BE24F8152679A75D00E207E5 /* HikeGraph.swift in Sources */ = {isa = PBXBuildFile; fileRef = BE24F8112679A75D00E207E5 /* HikeGraph.swift */; };
		BE24F8162679A75D00E207E5 /* HikeView.swift in Sources */ = {isa = PBXBuildFile; fileRef = BE24F8122679A75D00E207E5 /* HikeView.swift */; };
		BE61E0C1267840F50030CEED /* MapView.swift in Sources */ = {isa = PBXBuildFile; fileRef = BE61E0C0267840F50030CEED /* MapView.swift */; };
		BE61E0CA2678525C0030CEED /* landmarkData.json in Resources */ = {isa = PBXBuildFile; fileRef = BE61E0C92678525B0030CEED /* landmarkData.json */; };
		BE61E0CD2678528C0030CEED /* Landmark.swift in Sources */ = {isa = PBXBuildFile; fileRef = BE61E0CC2678528C0030CEED /* Landmark.swift */; };
		BE61E0D0267853F40030CEED /* ModelData.swift in Sources */ = {isa = PBXBuildFile; fileRef = BE61E0CF267853F40030CEED /* ModelData.swift */; };
		BE61E0D82678567E0030CEED /* LandmarkRow.swift in Sources */ = {isa = PBXBuildFile; fileRef = BE61E0D72678567E0030CEED /* LandmarkRow.swift */; };
		BE61E0DB267857FA0030CEED /* LandmarkList.swift in Sources */ = {isa = PBXBuildFile; fileRef = BE61E0DA267857FA0030CEED /* LandmarkList.swift */; };
		BE61E0DE2678594E0030CEED /* LandmarkDetail.swift in Sources */ = {isa = PBXBuildFile; fileRef = BE61E0DD2678594E0030CEED /* LandmarkDetail.swift */; };
		BE7BE956267AF05D006BFFE1 /* CategoryRow.swift in Sources */ = {isa = PBXBuildFile; fileRef = BE7BE955267AF05D006BFFE1 /* CategoryRow.swift */; };
		BE7BE959267AF1D5006BFFE1 /* CategoryItem.swift in Sources */ = {isa = PBXBuildFile; fileRef = BE7BE958267AF1D5006BFFE1 /* CategoryItem.swift */; };
		BE7BE95C267AF6C2006BFFE1 /* Profile.swift in Sources */ = {isa = PBXBuildFile; fileRef = BE7BE95B267AF6C2006BFFE1 /* Profile.swift */; };
		BE7BE960267AF7EA006BFFE1 /* ProfileHost.swift in Sources */ = {isa = PBXBuildFile; fileRef = BE7BE95F267AF7EA006BFFE1 /* ProfileHost.swift */; };
		BE7BE963267AF840006BFFE1 /* ProfileSummary.swift in Sources */ = {isa = PBXBuildFile; fileRef = BE7BE962267AF840006BFFE1 /* ProfileSummary.swift */; };
		BE7BE966267AF963006BFFE1 /* HikeBadge.swift in Sources */ = {isa = PBXBuildFile; fileRef = BE7BE965267AF963006BFFE1 /* HikeBadge.swift */; };
		BEB18494267AEB2E005270DB /* CategoryHome.swift in Sources */ = {isa = PBXBuildFile; fileRef = BEB18493267AEB2E005270DB /* CategoryHome.swift */; };
		BEFF775F26817CDC009FAA5E /* Assets.xcassets in Resources */ = {isa = PBXBuildFile; fileRef = BEFF775E26817CDC009FAA5E /* Assets.xcassets */; };
		BEFF776626817CDC009FAA5E /* WatchLandmarks Extension.appex in Embed App Extensions */ = {isa = PBXBuildFile; fileRef = BEFF776526817CDC009FAA5E /* WatchLandmarks Extension.appex */; settings = {ATTRIBUTES = (RemoveHeadersOnCopy, ); }; };
		BEFF776D26817CDC009FAA5E /* ContentView.swift in Sources */ = {isa = PBXBuildFile; fileRef = BEFF776C26817CDC009FAA5E /* ContentView.swift */; };
		BEFF776F26817CDC009FAA5E /* NotificationController.swift in Sources */ = {isa = PBXBuildFile; fileRef = BEFF776E26817CDC009FAA5E /* NotificationController.swift */; };
		BEFF777126817CDC009FAA5E /* NotificationView.swift in Sources */ = {isa = PBXBuildFile; fileRef = BEFF777026817CDC009FAA5E /* NotificationView.swift */; };
		BEFF777326817CDC009FAA5E /* ComplicationController.swift in Sources */ = {isa = PBXBuildFile; fileRef = BEFF777226817CDC009FAA5E /* ComplicationController.swift */; };
		BEFF777526817CDD009FAA5E /* Assets.xcassets in Resources */ = {isa = PBXBuildFile; fileRef = BEFF777426817CDD009FAA5E /* Assets.xcassets */; };
		BEFF777826817CDD009FAA5E /* Preview Assets.xcassets in Resources */ = {isa = PBXBuildFile; fileRef = BEFF777726817CDD009FAA5E /* Preview Assets.xcassets */; };
		BEFF777D26817CDD009FAA5E /* WatchLandmarks.app in Embed Watch Content */ = {isa = PBXBuildFile; fileRef = BEFF775C26817CD8009FAA5E /* WatchLandmarks.app */; settings = {ATTRIBUTES = (RemoveHeadersOnCopy, ); }; };
		BEFF778F26817E01009FAA5E /* Assets.xcassets in Resources */ = {isa = PBXBuildFile; fileRef = BE04704926781A46009BA9B1 /* Assets.xcassets */; };
		BEFF779226817E01009FAA5E /* ModelData.swift in Sources */ = {isa = PBXBuildFile; fileRef = BE61E0CF267853F40030CEED /* ModelData.swift */; };
		BEFF779326817E01009FAA5E /* MapView.swift in Sources */ = {isa = PBXBuildFile; fileRef = BE61E0C0267840F50030CEED /* MapView.swift */; };
		BEFF779426817E01009FAA5E /* CircleImage.swift in Sources */ = {isa = PBXBuildFile; fileRef = BE04705726783F57009BA9B1 /* CircleImage.swift */; };
		BEFF779526817E01009FAA5E /* LandmarksApp.swift in Sources */ = {isa = PBXBuildFile; fileRef = BE04704526781A45009BA9B1 /* LandmarksApp.swift */; };
		BEFF779626817E01009FAA5E /* Landmark.swift in Sources */ = {isa = PBXBuildFile; fileRef = BE61E0CC2678528C0030CEED /* Landmark.swift */; };
		BEFF779726817E01009FAA5E /* Profile.swift in Sources */ = {isa = PBXBuildFile; fileRef = BE7BE95B267AF6C2006BFFE1 /* Profile.swift */; };
		BEFF779826817E01009FAA5E /* landmarkData.json in Resources */ = {isa = PBXBuildFile; fileRef = BE61E0C92678525B0030CEED /* landmarkData.json */; };
		BEFF779926817E01009FAA5E /* Hike.swift in Sources */ = {isa = PBXBuildFile; fileRef = BE24F80B2679A6E900E207E5 /* Hike.swift */; };
		BEFF779A26817E01009FAA5E /* hikeData.json in Resources */ = {isa = PBXBuildFile; fileRef = BE24F8082679A6CD00E207E5 /* hikeData.json */; };
		BEFF779F26817F02009FAA5E /* LandmarkDetail.swift in Sources */ = {isa = PBXBuildFile; fileRef = BEFF779E26817F02009FAA5E /* LandmarkDetail.swift */; };
/* End PBXBuildFile section */

/* Begin PBXContainerItemProxy section */
		BEFF776726817CDC009FAA5E /* PBXContainerItemProxy */ = {
			isa = PBXContainerItemProxy;
			containerPortal = BE04703A26781A45009BA9B1 /* Project object */;
			proxyType = 1;
			remoteGlobalIDString = BEFF776426817CDC009FAA5E;
			remoteInfo = "WatchLandmarks Extension";
		};
		BEFF777B26817CDD009FAA5E /* PBXContainerItemProxy */ = {
			isa = PBXContainerItemProxy;
			containerPortal = BE04703A26781A45009BA9B1 /* Project object */;
			proxyType = 1;
			remoteGlobalIDString = BEFF775B26817CD8009FAA5E;
			remoteInfo = WatchLandmarks;
		};
/* End PBXContainerItemProxy section */

/* Begin PBXCopyFilesBuildPhase section */
		BEFF777E26817CDD009FAA5E /* Embed Watch Content */ = {
			isa = PBXCopyFilesBuildPhase;
			buildActionMask = 2147483647;
			dstPath = "$(CONTENTS_FOLDER_PATH)/Watch";
			dstSubfolderSpec = 16;
			files = (
				BEFF777D26817CDD009FAA5E /* WatchLandmarks.app in Embed Watch Content */,
			);
			name = "Embed Watch Content";
			runOnlyForDeploymentPostprocessing = 0;
		};
		BEFF778126817CDD009FAA5E /* Embed App Extensions */ = {
			isa = PBXCopyFilesBuildPhase;
			buildActionMask = 2147483647;
			dstPath = "";
			dstSubfolderSpec = 13;
			files = (
				BEFF776626817CDC009FAA5E /* WatchLandmarks Extension.appex in Embed App Extensions */,
			);
			name = "Embed App Extensions";
			runOnlyForDeploymentPostprocessing = 0;
		};
/* End PBXCopyFilesBuildPhase section */

/* Begin PBXFileReference section */
		BE03FFA12686B44E00C6C177 /* MacLandmarks.app */ = {isa = PBXFileReference; explicitFileType = wrapper.application; includeInIndex = 0; path = MacLandmarks.app; sourceTree = BUILT_PRODUCTS_DIR; };
		BE03FFA52686B44E00C6C177 /* ContentView.swift */ = {isa = PBXFileReference; lastKnownFileType = sourcecode.swift; path = ContentView.swift; sourceTree = "<group>"; };
		BE03FFA72686B45000C6C177 /* Assets.xcassets */ = {isa = PBXFileReference; lastKnownFileType = folder.assetcatalog; path = Assets.xcassets; sourceTree = "<group>"; };
		BE03FFAA2686B45000C6C177 /* Preview Assets.xcassets */ = {isa = PBXFileReference; lastKnownFileType = folder.assetcatalog; path = "Preview Assets.xcassets"; sourceTree = "<group>"; };
		BE03FFAC2686B45000C6C177 /* Info.plist */ = {isa = PBXFileReference; lastKnownFileType = text.plist.xml; path = Info.plist; sourceTree = "<group>"; };
		BE03FFAD2686B45000C6C177 /* MacLandmarks.entitlements */ = {isa = PBXFileReference; lastKnownFileType = text.plist.entitlements; path = MacLandmarks.entitlements; sourceTree = "<group>"; };
		BE03FFDA2686B8E800C6C177 /* LandmarkDetail.swift */ = {isa = PBXFileReference; lastKnownFileType = sourcecode.swift; path = LandmarkDetail.swift; sourceTree = "<group>"; };
		BE03FFDC2686C74E00C6C177 /* LandmarkList.swift */ = {isa = PBXFileReference; lastKnownFileType = sourcecode.swift; path = LandmarkList.swift; sourceTree = "<group>"; };
		BE03FFDF2686CF1000C6C177 /* LandmarkCommands.swift */ = {isa = PBXFileReference; lastKnownFileType = sourcecode.swift; path = LandmarkCommands.swift; sourceTree = "<group>"; };
		BE03FFE22686D6C000C6C177 /* LandmarkSettings.swift */ = {isa = PBXFileReference; lastKnownFileType = sourcecode.swift; path = LandmarkSettings.swift; sourceTree = "<group>"; };
		BE04704226781A45009BA9B1 /* Landmarks.app */ = {isa = PBXFileReference; explicitFileType = wrapper.application; includeInIndex = 0; path = Landmarks.app; sourceTree = BUILT_PRODUCTS_DIR; };
		BE04704526781A45009BA9B1 /* LandmarksApp.swift */ = {isa = PBXFileReference; lastKnownFileType = sourcecode.swift; path = LandmarksApp.swift; sourceTree = "<group>"; };
		BE04704726781A45009BA9B1 /* ContentView.swift */ = {isa = PBXFileReference; lastKnownFileType = sourcecode.swift; path = ContentView.swift; sourceTree = "<group>"; };
		BE04704926781A46009BA9B1 /* Assets.xcassets */ = {isa = PBXFileReference; lastKnownFileType = folder.assetcatalog; path = Assets.xcassets; sourceTree = "<group>"; };
		BE04704C26781A46009BA9B1 /* Preview Assets.xcassets */ = {isa = PBXFileReference; lastKnownFileType = folder.assetcatalog; path = "Preview Assets.xcassets"; sourceTree = "<group>"; };
		BE04704E26781A46009BA9B1 /* Info.plist */ = {isa = PBXFileReference; lastKnownFileType = text.plist.xml; path = Info.plist; sourceTree = "<group>"; };
		BE04705726783F57009BA9B1 /* CircleImage.swift */ = {isa = PBXFileReference; lastKnownFileType = sourcecode.swift; path = CircleImage.swift; sourceTree = "<group>"; };
		BE10E886267C3F7C0077AD0E /* ProfileEditor.swift */ = {isa = PBXFileReference; lastKnownFileType = sourcecode.swift; path = ProfileEditor.swift; sourceTree = "<group>"; };
		BE10E88B267C44AF0077AD0E /* PageViewController.swift */ = {isa = PBXFileReference; lastKnownFileType = sourcecode.swift; path = PageViewController.swift; sourceTree = "<group>"; };
		BE10E88E267C46D90077AD0E /* FeatureCard.swift */ = {isa = PBXFileReference; lastKnownFileType = sourcecode.swift; path = FeatureCard.swift; sourceTree = "<group>"; };
		BE10E891267C48D40077AD0E /* PageView.swift */ = {isa = PBXFileReference; lastKnownFileType = sourcecode.swift; path = PageView.swift; sourceTree = "<group>"; };
		BE10E894267C4DEB0077AD0E /* PageControl.swift */ = {isa = PBXFileReference; lastKnownFileType = sourcecode.swift; path = PageControl.swift; sourceTree = "<group>"; };
		BE24F7ED267998F600E207E5 /* FavoriteButton.swift */ = {isa = PBXFileReference; lastKnownFileType = sourcecode.swift; path = FavoriteButton.swift; sourceTree = "<group>"; };
		BE24F7F326799CC200E207E5 /* HexagonParameters.swift */ = {isa = PBXFileReference; lastKnownFileType = sourcecode.swift; path = HexagonParameters.swift; sourceTree = "<group>"; };
		BE24F7F626799DC500E207E5 /* BadgeBackground.swift */ = {isa = PBXFileReference; lastKnownFileType = sourcecode.swift; path = BadgeBackground.swift; sourceTree = "<group>"; };
		BE24F7F92679A33800E207E5 /* BadgeSymbol.swift */ = {isa = PBXFileReference; lastKnownFileType = sourcecode.swift; path = BadgeSymbol.swift; sourceTree = "<group>"; };
		BE24F7FC2679A3A300E207E5 /* RotatedBadgeSymbol.swift */ = {isa = PBXFileReference; lastKnownFileType = sourcecode.swift; path = RotatedBadgeSymbol.swift; sourceTree = "<group>"; };
		BE24F7FF2679A3DC00E207E5 /* Badge.swift */ = {isa = PBXFileReference; lastKnownFileType = sourcecode.swift; path = Badge.swift; sourceTree = "<group>"; };
		BE24F8082679A6CD00E207E5 /* hikeData.json */ = {isa = PBXFileReference; fileEncoding = 4; lastKnownFileType = text.json; path = hikeData.json; sourceTree = "<group>"; };
		BE24F80B2679A6E900E207E5 /* Hike.swift */ = {isa = PBXFileReference; lastKnownFileType = sourcecode.swift; path = Hike.swift; sourceTree = "<group>"; };
		BE24F80F2679A75D00E207E5 /* GraphCapsule.swift */ = {isa = PBXFileReference; fileEncoding = 4; lastKnownFileType = sourcecode.swift; path = GraphCapsule.swift; sourceTree = "<group>"; };
		BE24F8102679A75D00E207E5 /* HikeDetail.swift */ = {isa = PBXFileReference; fileEncoding = 4; lastKnownFileType = sourcecode.swift; path = HikeDetail.swift; sourceTree = "<group>"; };
		BE24F8112679A75D00E207E5 /* HikeGraph.swift */ = {isa = PBXFileReference; fileEncoding = 4; lastKnownFileType = sourcecode.swift; path = HikeGraph.swift; sourceTree = "<group>"; };
		BE24F8122679A75D00E207E5 /* HikeView.swift */ = {isa = PBXFileReference; fileEncoding = 4; lastKnownFileType = sourcecode.swift; path = HikeView.swift; sourceTree = "<group>"; };
		BE61E0C0267840F50030CEED /* MapView.swift */ = {isa = PBXFileReference; lastKnownFileType = sourcecode.swift; path = MapView.swift; sourceTree = "<group>"; };
		BE61E0C92678525B0030CEED /* landmarkData.json */ = {isa = PBXFileReference; fileEncoding = 4; lastKnownFileType = text.json; path = landmarkData.json; sourceTree = "<group>"; };
		BE61E0CC2678528C0030CEED /* Landmark.swift */ = {isa = PBXFileReference; lastKnownFileType = sourcecode.swift; path = Landmark.swift; sourceTree = "<group>"; };
		BE61E0CF267853F40030CEED /* ModelData.swift */ = {isa = PBXFileReference; lastKnownFileType = sourcecode.swift; path = ModelData.swift; sourceTree = "<group>"; };
		BE61E0D72678567E0030CEED /* LandmarkRow.swift */ = {isa = PBXFileReference; lastKnownFileType = sourcecode.swift; path = LandmarkRow.swift; sourceTree = "<group>"; };
		BE61E0DA267857FA0030CEED /* LandmarkList.swift */ = {isa = PBXFileReference; lastKnownFileType = sourcecode.swift; path = LandmarkList.swift; sourceTree = "<group>"; };
		BE61E0DD2678594E0030CEED /* LandmarkDetail.swift */ = {isa = PBXFileReference; lastKnownFileType = sourcecode.swift; path = LandmarkDetail.swift; sourceTree = "<group>"; };
		BE7BE955267AF05D006BFFE1 /* CategoryRow.swift */ = {isa = PBXFileReference; lastKnownFileType = sourcecode.swift; path = CategoryRow.swift; sourceTree = "<group>"; };
		BE7BE958267AF1D5006BFFE1 /* CategoryItem.swift */ = {isa = PBXFileReference; lastKnownFileType = sourcecode.swift; path = CategoryItem.swift; sourceTree = "<group>"; };
		BE7BE95B267AF6C2006BFFE1 /* Profile.swift */ = {isa = PBXFileReference; lastKnownFileType = sourcecode.swift; path = Profile.swift; sourceTree = "<group>"; };
		BE7BE95F267AF7EA006BFFE1 /* ProfileHost.swift */ = {isa = PBXFileReference; lastKnownFileType = sourcecode.swift; path = ProfileHost.swift; sourceTree = "<group>"; };
		BE7BE962267AF840006BFFE1 /* ProfileSummary.swift */ = {isa = PBXFileReference; lastKnownFileType = sourcecode.swift; path = ProfileSummary.swift; sourceTree = "<group>"; };
		BE7BE965267AF963006BFFE1 /* HikeBadge.swift */ = {isa = PBXFileReference; lastKnownFileType = sourcecode.swift; path = HikeBadge.swift; sourceTree = "<group>"; };
		BEB18493267AEB2E005270DB /* CategoryHome.swift */ = {isa = PBXFileReference; lastKnownFileType = sourcecode.swift; path = CategoryHome.swift; sourceTree = "<group>"; };
		BEFF775C26817CD8009FAA5E /* WatchLandmarks.app */ = {isa = PBXFileReference; explicitFileType = wrapper.application; includeInIndex = 0; path = WatchLandmarks.app; sourceTree = BUILT_PRODUCTS_DIR; };
		BEFF775E26817CDC009FAA5E /* Assets.xcassets */ = {isa = PBXFileReference; lastKnownFileType = folder.assetcatalog; path = Assets.xcassets; sourceTree = "<group>"; };
		BEFF776026817CDC009FAA5E /* Info.plist */ = {isa = PBXFileReference; lastKnownFileType = text.plist.xml; path = Info.plist; sourceTree = "<group>"; };
		BEFF776526817CDC009FAA5E /* WatchLandmarks Extension.appex */ = {isa = PBXFileReference; explicitFileType = "wrapper.app-extension"; includeInIndex = 0; path = "WatchLandmarks Extension.appex"; sourceTree = BUILT_PRODUCTS_DIR; };
		BEFF776C26817CDC009FAA5E /* ContentView.swift */ = {isa = PBXFileReference; lastKnownFileType = sourcecode.swift; path = ContentView.swift; sourceTree = "<group>"; };
		BEFF776E26817CDC009FAA5E /* NotificationController.swift */ = {isa = PBXFileReference; lastKnownFileType = sourcecode.swift; path = NotificationController.swift; sourceTree = "<group>"; };
		BEFF777026817CDC009FAA5E /* NotificationView.swift */ = {isa = PBXFileReference; lastKnownFileType = sourcecode.swift; path = NotificationView.swift; sourceTree = "<group>"; };
		BEFF777226817CDC009FAA5E /* ComplicationController.swift */ = {isa = PBXFileReference; lastKnownFileType = sourcecode.swift; path = ComplicationController.swift; sourceTree = "<group>"; };
		BEFF777426817CDD009FAA5E /* Assets.xcassets */ = {isa = PBXFileReference; lastKnownFileType = folder.assetcatalog; path = Assets.xcassets; sourceTree = "<group>"; };
		BEFF777726817CDD009FAA5E /* Preview Assets.xcassets */ = {isa = PBXFileReference; lastKnownFileType = folder.assetcatalog; path = "Preview Assets.xcassets"; sourceTree = "<group>"; };
		BEFF777926817CDD009FAA5E /* Info.plist */ = {isa = PBXFileReference; lastKnownFileType = text.plist.xml; path = Info.plist; sourceTree = "<group>"; };
		BEFF777A26817CDD009FAA5E /* PushNotificationPayload.apns */ = {isa = PBXFileReference; lastKnownFileType = text; path = PushNotificationPayload.apns; sourceTree = "<group>"; };
		BEFF779E26817F02009FAA5E /* LandmarkDetail.swift */ = {isa = PBXFileReference; lastKnownFileType = sourcecode.swift; path = LandmarkDetail.swift; sourceTree = "<group>"; };
/* End PBXFileReference section */

/* Begin PBXFrameworksBuildPhase section */
		BE03FF9E2686B44E00C6C177 /* Frameworks */ = {
			isa = PBXFrameworksBuildPhase;
			buildActionMask = 2147483647;
			files = (
			);
			runOnlyForDeploymentPostprocessing = 0;
		};
		BE04703F26781A45009BA9B1 /* Frameworks */ = {
			isa = PBXFrameworksBuildPhase;
			buildActionMask = 2147483647;
			files = (
			);
			runOnlyForDeploymentPostprocessing = 0;
		};
		BEFF776226817CDC009FAA5E /* Frameworks */ = {
			isa = PBXFrameworksBuildPhase;
			buildActionMask = 2147483647;
			files = (
			);
			runOnlyForDeploymentPostprocessing = 0;
		};
/* End PBXFrameworksBuildPhase section */

/* Begin PBXGroup section */
		BE03FFA22686B44E00C6C177 /* MacLandmarks */ = {
			isa = PBXGroup;
			children = (
				BE03FFA52686B44E00C6C177 /* ContentView.swift */,
				BE03FFA72686B45000C6C177 /* Assets.xcassets */,
				BE03FFAC2686B45000C6C177 /* Info.plist */,
				BE03FFAD2686B45000C6C177 /* MacLandmarks.entitlements */,
				BE03FFA92686B45000C6C177 /* Preview Content */,
				BE03FFDA2686B8E800C6C177 /* LandmarkDetail.swift */,
				BE03FFDF2686CF1000C6C177 /* LandmarkCommands.swift */,
				BE03FFE22686D6C000C6C177 /* LandmarkSettings.swift */,
			);
			path = MacLandmarks;
			sourceTree = "<group>";
		};
		BE03FFA92686B45000C6C177 /* Preview Content */ = {
			isa = PBXGroup;
			children = (
				BE03FFAA2686B45000C6C177 /* Preview Assets.xcassets */,
			);
			path = "Preview Content";
			sourceTree = "<group>";
		};
		BE04703926781A45009BA9B1 = {
			isa = PBXGroup;
			children = (
				BE04704426781A45009BA9B1 /* Landmarks */,
				BEFF775D26817CD8009FAA5E /* WatchLandmarks */,
				BEFF776926817CDC009FAA5E /* WatchLandmarks Extension */,
				BE03FFA22686B44E00C6C177 /* MacLandmarks */,
				BE04704326781A45009BA9B1 /* Products */,
			);
			sourceTree = "<group>";
		};
		BE04704326781A45009BA9B1 /* Products */ = {
			isa = PBXGroup;
			children = (
				BE04704226781A45009BA9B1 /* Landmarks.app */,
				BEFF775C26817CD8009FAA5E /* WatchLandmarks.app */,
				BEFF776526817CDC009FAA5E /* WatchLandmarks Extension.appex */,
				BE03FFA12686B44E00C6C177 /* MacLandmarks.app */,
			);
			name = Products;
			sourceTree = "<group>";
		};
		BE04704426781A45009BA9B1 /* Landmarks */ = {
			isa = PBXGroup;
			children = (
				BE04704526781A45009BA9B1 /* LandmarksApp.swift */,
				BE61E0D4267855C00030CEED /* Views */,
				BE61E0D5267855D60030CEED /* Model */,
				BE61E0D6267855E30030CEED /* Resources */,
				BE04704926781A46009BA9B1 /* Assets.xcassets */,
				BE04704E26781A46009BA9B1 /* Info.plist */,
				BE04704B26781A46009BA9B1 /* Preview Content */,
			);
			path = Landmarks;
			sourceTree = "<group>";
		};
		BE04704B26781A46009BA9B1 /* Preview Content */ = {
			isa = PBXGroup;
			children = (
				BE04704C26781A46009BA9B1 /* Preview Assets.xcassets */,
			);
			path = "Preview Content";
			sourceTree = "<group>";
		};
		BE10E889267C446A0077AD0E /* PageView */ = {
			isa = PBXGroup;
			children = (
				BE10E88B267C44AF0077AD0E /* PageViewController.swift */,
				BE10E88E267C46D90077AD0E /* FeatureCard.swift */,
				BE10E891267C48D40077AD0E /* PageView.swift */,
				BE10E894267C4DEB0077AD0E /* PageControl.swift */,
			);
			path = PageView;
			sourceTree = "<group>";
		};
		BE24F7F0267999D900E207E5 /* Landmarks */ = {
			isa = PBXGroup;
			children = (
				BE61E0D72678567E0030CEED /* LandmarkRow.swift */,
				BE61E0DA267857FA0030CEED /* LandmarkList.swift */,
				BE61E0DD2678594E0030CEED /* LandmarkDetail.swift */,
			);
			path = Landmarks;
			sourceTree = "<group>";
		};
		BE24F7F1267999E000E207E5 /* Helpers */ = {
			isa = PBXGroup;
			children = (
				BE61E0C0267840F50030CEED /* MapView.swift */,
				BE04705726783F57009BA9B1 /* CircleImage.swift */,
				BE24F7ED267998F600E207E5 /* FavoriteButton.swift */,
			);
			path = Helpers;
			sourceTree = "<group>";
		};
		BE24F8022679A54300E207E5 /* Badges */ = {
			isa = PBXGroup;
			children = (
				BE24F7FF2679A3DC00E207E5 /* Badge.swift */,
				BE24F7F626799DC500E207E5 /* BadgeBackground.swift */,
				BE24F7F92679A33800E207E5 /* BadgeSymbol.swift */,
				BE24F7FC2679A3A300E207E5 /* RotatedBadgeSymbol.swift */,
				BE24F7F326799CC200E207E5 /* HexagonParameters.swift */,
			);
			path = Badges;
			sourceTree = "<group>";
		};
		BE24F80E2679A75D00E207E5 /* Hikes */ = {
			isa = PBXGroup;
			children = (
				BE24F80F2679A75D00E207E5 /* GraphCapsule.swift */,
				BE24F8102679A75D00E207E5 /* HikeDetail.swift */,
				BE24F8112679A75D00E207E5 /* HikeGraph.swift */,
				BE24F8122679A75D00E207E5 /* HikeView.swift */,
				BE7BE965267AF963006BFFE1 /* HikeBadge.swift */,
			);
			path = Hikes;
			sourceTree = "<group>";
		};
		BE61E0D4267855C00030CEED /* Views */ = {
			isa = PBXGroup;
			children = (
				BE04704726781A45009BA9B1 /* ContentView.swift */,
				BE24F8022679A54300E207E5 /* Badges */,
				BEB18492267AEB0E005270DB /* Categories */,
				BE24F7F1267999E000E207E5 /* Helpers */,
				BE24F80E2679A75D00E207E5 /* Hikes */,
				BE24F7F0267999D900E207E5 /* Landmarks */,
				BE10E889267C446A0077AD0E /* PageView */,
				BE7BE95E267AF7D3006BFFE1 /* Profiles */,
			);
			path = Views;
			sourceTree = "<group>";
		};
		BE61E0D5267855D60030CEED /* Model */ = {
			isa = PBXGroup;
			children = (
				BE61E0CF267853F40030CEED /* ModelData.swift */,
				BE61E0CC2678528C0030CEED /* Landmark.swift */,
				BE24F80B2679A6E900E207E5 /* Hike.swift */,
				BE7BE95B267AF6C2006BFFE1 /* Profile.swift */,
			);
			path = Model;
			sourceTree = "<group>";
		};
		BE61E0D6267855E30030CEED /* Resources */ = {
			isa = PBXGroup;
			children = (
				BE24F8082679A6CD00E207E5 /* hikeData.json */,
				BE61E0C92678525B0030CEED /* landmarkData.json */,
			);
			path = Resources;
			sourceTree = "<group>";
		};
		BE7BE95E267AF7D3006BFFE1 /* Profiles */ = {
			isa = PBXGroup;
			children = (
				BE7BE95F267AF7EA006BFFE1 /* ProfileHost.swift */,
				BE7BE962267AF840006BFFE1 /* ProfileSummary.swift */,
				BE10E886267C3F7C0077AD0E /* ProfileEditor.swift */,
			);
			path = Profiles;
			sourceTree = "<group>";
		};
		BEB18492267AEB0E005270DB /* Categories */ = {
			isa = PBXGroup;
			children = (
				BEB18493267AEB2E005270DB /* CategoryHome.swift */,
				BE7BE955267AF05D006BFFE1 /* CategoryRow.swift */,
				BE7BE958267AF1D5006BFFE1 /* CategoryItem.swift */,
			);
			path = Categories;
			sourceTree = "<group>";
		};
		BEFF775D26817CD8009FAA5E /* WatchLandmarks */ = {
			isa = PBXGroup;
			children = (
				BEFF775E26817CDC009FAA5E /* Assets.xcassets */,
				BEFF776026817CDC009FAA5E /* Info.plist */,
			);
			path = WatchLandmarks;
			sourceTree = "<group>";
		};
		BEFF776926817CDC009FAA5E /* WatchLandmarks Extension */ = {
			isa = PBXGroup;
			children = (
				BEFF776C26817CDC009FAA5E /* ContentView.swift */,
				BEFF776E26817CDC009FAA5E /* NotificationController.swift */,
				BEFF777026817CDC009FAA5E /* NotificationView.swift */,
				BEFF777226817CDC009FAA5E /* ComplicationController.swift */,
				BEFF777426817CDD009FAA5E /* Assets.xcassets */,
				BEFF777926817CDD009FAA5E /* Info.plist */,
				BEFF777A26817CDD009FAA5E /* PushNotificationPayload.apns */,
				BEFF777626817CDD009FAA5E /* Preview Content */,
				BEFF779E26817F02009FAA5E /* LandmarkDetail.swift */,
				BE03FFDC2686C74E00C6C177 /* LandmarkList.swift */,
			);
			path = "WatchLandmarks Extension";
			sourceTree = "<group>";
		};
		BEFF777626817CDD009FAA5E /* Preview Content */ = {
			isa = PBXGroup;
			children = (
				BEFF777726817CDD009FAA5E /* Preview Assets.xcassets */,
			);
			path = "Preview Content";
			sourceTree = "<group>";
		};
/* End PBXGroup section */

/* Begin PBXNativeTarget section */
		BE03FFA02686B44E00C6C177 /* MacLandmarks */ = {
			isa = PBXNativeTarget;
			buildConfigurationList = BE03FFCA2686B45000C6C177 /* Build configuration list for PBXNativeTarget "MacLandmarks" */;
			buildPhases = (
				BE03FF9D2686B44E00C6C177 /* Sources */,
				BE03FF9E2686B44E00C6C177 /* Frameworks */,
				BE03FF9F2686B44E00C6C177 /* Resources */,
			);
			buildRules = (
			);
			dependencies = (
			);
			name = MacLandmarks;
			productName = MacLandmarks;
			productReference = BE03FFA12686B44E00C6C177 /* MacLandmarks.app */;
			productType = "com.apple.product-type.application";
		};
		BE04704126781A45009BA9B1 /* Landmarks */ = {
			isa = PBXNativeTarget;
			buildConfigurationList = BE04705126781A46009BA9B1 /* Build configuration list for PBXNativeTarget "Landmarks" */;
			buildPhases = (
				BE04703E26781A45009BA9B1 /* Sources */,
				BE04703F26781A45009BA9B1 /* Frameworks */,
				BE04704026781A45009BA9B1 /* Resources */,
				BEFF777E26817CDD009FAA5E /* Embed Watch Content */,
			);
			buildRules = (
			);
			dependencies = (
				BEFF777C26817CDD009FAA5E /* PBXTargetDependency */,
			);
			name = Landmarks;
			productName = Landmarks;
			productReference = BE04704226781A45009BA9B1 /* Landmarks.app */;
			productType = "com.apple.product-type.application";
		};
		BEFF775B26817CD8009FAA5E /* WatchLandmarks */ = {
			isa = PBXNativeTarget;
			buildConfigurationList = BEFF778526817CDD009FAA5E /* Build configuration list for PBXNativeTarget "WatchLandmarks" */;
			buildPhases = (
				BEFF775A26817CD8009FAA5E /* Resources */,
				BEFF778126817CDD009FAA5E /* Embed App Extensions */,
			);
			buildRules = (
			);
			dependencies = (
				BEFF776826817CDC009FAA5E /* PBXTargetDependency */,
			);
			name = WatchLandmarks;
			productName = WatchLandmarks;
			productReference = BEFF775C26817CD8009FAA5E /* WatchLandmarks.app */;
			productType = "com.apple.product-type.application.watchapp2";
		};
		BEFF776426817CDC009FAA5E /* WatchLandmarks Extension */ = {
			isa = PBXNativeTarget;
			buildConfigurationList = BEFF778426817CDD009FAA5E /* Build configuration list for PBXNativeTarget "WatchLandmarks Extension" */;
			buildPhases = (
				BEFF776126817CDC009FAA5E /* Sources */,
				BEFF776226817CDC009FAA5E /* Frameworks */,
				BEFF776326817CDC009FAA5E /* Resources */,
			);
			buildRules = (
			);
			dependencies = (
			);
			name = "WatchLandmarks Extension";
			productName = "WatchLandmarks Extension";
			productReference = BEFF776526817CDC009FAA5E /* WatchLandmarks Extension.appex */;
			productType = "com.apple.product-type.watchkit2-extension";
		};
/* End PBXNativeTarget section */

/* Begin PBXProject section */
		BE04703A26781A45009BA9B1 /* Project object */ = {
			isa = PBXProject;
			attributes = {
				LastSwiftUpdateCheck = 1250;
				LastUpgradeCheck = 1240;
				TargetAttributes = {
					BE03FFA02686B44E00C6C177 = {
						CreatedOnToolsVersion = 12.5.1;
					};
					BE04704126781A45009BA9B1 = {
						CreatedOnToolsVersion = 12.4;
					};
					BEFF775B26817CD8009FAA5E = {
						CreatedOnToolsVersion = 12.4;
					};
					BEFF776426817CDC009FAA5E = {
						CreatedOnToolsVersion = 12.4;
					};
				};
			};
			buildConfigurationList = BE04703D26781A45009BA9B1 /* Build configuration list for PBXProject "Landmarks" */;
			compatibilityVersion = "Xcode 12.0";
			developmentRegion = en;
			hasScannedForEncodings = 0;
			knownRegions = (
				en,
				Base,
			);
			mainGroup = BE04703926781A45009BA9B1;
			productRefGroup = BE04704326781A45009BA9B1 /* Products */;
			projectDirPath = "";
			projectRoot = "";
			targets = (
				BE04704126781A45009BA9B1 /* Landmarks */,
				BEFF775B26817CD8009FAA5E /* WatchLandmarks */,
				BEFF776426817CDC009FAA5E /* WatchLandmarks Extension */,
				BE03FFA02686B44E00C6C177 /* MacLandmarks */,
			);
		};
/* End PBXProject section */

/* Begin PBXResourcesBuildPhase section */
		BE03FF9F2686B44E00C6C177 /* Resources */ = {
			isa = PBXResourcesBuildPhase;
			buildActionMask = 2147483647;
			files = (
				BE03FFAB2686B45000C6C177 /* Preview Assets.xcassets in Resources */,
				BE03FFD82686B5A600C6C177 /* landmarkData.json in Resources */,
				BE03FFD72686B5A600C6C177 /* hikeData.json in Resources */,
				BE03FFA82686B45000C6C177 /* Assets.xcassets in Resources */,
				BE03FFD92686B5A600C6C177 /* Assets.xcassets in Resources */,
			);
			runOnlyForDeploymentPostprocessing = 0;
		};
		BE04704026781A45009BA9B1 /* Resources */ = {
			isa = PBXResourcesBuildPhase;
			buildActionMask = 2147483647;
			files = (
				BE24F8092679A6CD00E207E5 /* hikeData.json in Resources */,
				BE61E0CA2678525C0030CEED /* landmarkData.json in Resources */,
				BE04704D26781A46009BA9B1 /* Preview Assets.xcassets in Resources */,
				BE04704A26781A46009BA9B1 /* Assets.xcassets in Resources */,
			);
			runOnlyForDeploymentPostprocessing = 0;
		};
		BEFF775A26817CD8009FAA5E /* Resources */ = {
			isa = PBXResourcesBuildPhase;
			buildActionMask = 2147483647;
			files = (
				BEFF775F26817CDC009FAA5E /* Assets.xcassets in Resources */,
			);
			runOnlyForDeploymentPostprocessing = 0;
		};
		BEFF776326817CDC009FAA5E /* Resources */ = {
			isa = PBXResourcesBuildPhase;
			buildActionMask = 2147483647;
			files = (
				BEFF777826817CDD009FAA5E /* Preview Assets.xcassets in Resources */,
				BEFF779826817E01009FAA5E /* landmarkData.json in Resources */,
				BEFF778F26817E01009FAA5E /* Assets.xcassets in Resources */,
				BEFF777526817CDD009FAA5E /* Assets.xcassets in Resources */,
				BEFF779A26817E01009FAA5E /* hikeData.json in Resources */,
			);
			runOnlyForDeploymentPostprocessing = 0;
		};
/* End PBXResourcesBuildPhase section */

/* Begin PBXSourcesBuildPhase section */
		BE03FF9D2686B44E00C6C177 /* Sources */ = {
			isa = PBXSourcesBuildPhase;
			buildActionMask = 2147483647;
			files = (
				BE03FFA62686B44E00C6C177 /* ContentView.swift in Sources */,
				BE03FFD12686B5A600C6C177 /* LandmarkList.swift in Sources */,
				BE03FFE32686D6C000C6C177 /* LandmarkSettings.swift in Sources */,
				BE03FFCF2686B5A600C6C177 /* CircleImage.swift in Sources */,
				BE03FFD62686B5A600C6C177 /* MapView.swift in Sources */,
				BE03FFE12686CF1000C6C177 /* LandmarkCommands.swift in Sources */,
				BE03FFDB2686B8E800C6C177 /* LandmarkDetail.swift in Sources */,
				BE03FFD52686B5A600C6C177 /* FavoriteButton.swift in Sources */,
				BE03FFD32686B5A600C6C177 /* Landmark.swift in Sources */,
				BE03FFCE2686B5A600C6C177 /* LandmarksApp.swift in Sources */,
				BE03FFD02686B5A600C6C177 /* LandmarkRow.swift in Sources */,
				BE03FFD42686B5A600C6C177 /* Hike.swift in Sources */,
				BE03FFCD2686B5A600C6C177 /* Profile.swift in Sources */,
				BE03FFD22686B5A600C6C177 /* ModelData.swift in Sources */,
			);
			runOnlyForDeploymentPostprocessing = 0;
		};
		BE04703E26781A45009BA9B1 /* Sources */ = {
			isa = PBXSourcesBuildPhase;
			buildActionMask = 2147483647;
			files = (
				BE7BE956267AF05D006BFFE1 /* CategoryRow.swift in Sources */,
				BE7BE95C267AF6C2006BFFE1 /* Profile.swift in Sources */,
				BE03FFE02686CF1000C6C177 /* LandmarkCommands.swift in Sources */,
				BE04704826781A45009BA9B1 /* ContentView.swift in Sources */,
				BEB18494267AEB2E005270DB /* CategoryHome.swift in Sources */,
				BE10E88F267C46D90077AD0E /* FeatureCard.swift in Sources */,
				BE24F8002679A3DC00E207E5 /* Badge.swift in Sources */,
				BE61E0C1267840F50030CEED /* MapView.swift in Sources */,
				BE24F8132679A75D00E207E5 /* GraphCapsule.swift in Sources */,
				BE24F8152679A75D00E207E5 /* HikeGraph.swift in Sources */,
				BE04704626781A45009BA9B1 /* LandmarksApp.swift in Sources */,
				BE10E895267C4DEB0077AD0E /* PageControl.swift in Sources */,
				BE24F7EE267998F600E207E5 /* FavoriteButton.swift in Sources */,
				BE7BE959267AF1D5006BFFE1 /* CategoryItem.swift in Sources */,
				BE24F7F426799CC200E207E5 /* HexagonParameters.swift in Sources */,
				BE7BE963267AF840006BFFE1 /* ProfileSummary.swift in Sources */,
				BE24F80C2679A6E900E207E5 /* Hike.swift in Sources */,
				BE7BE960267AF7EA006BFFE1 /* ProfileHost.swift in Sources */,
				BE24F7FD2679A3A300E207E5 /* RotatedBadgeSymbol.swift in Sources */,
				BE24F7FA2679A33800E207E5 /* BadgeSymbol.swift in Sources */,
				BE10E892267C48D40077AD0E /* PageView.swift in Sources */,
				BE61E0DB267857FA0030CEED /* LandmarkList.swift in Sources */,
				BE10E887267C3F7C0077AD0E /* ProfileEditor.swift in Sources */,
				BE24F8142679A75D00E207E5 /* HikeDetail.swift in Sources */,
				BE24F8162679A75D00E207E5 /* HikeView.swift in Sources */,
				BE61E0DE2678594E0030CEED /* LandmarkDetail.swift in Sources */,
				BE10E88C267C44AF0077AD0E /* PageViewController.swift in Sources */,
				BE24F7F726799DC500E207E5 /* BadgeBackground.swift in Sources */,
				BE7BE966267AF963006BFFE1 /* HikeBadge.swift in Sources */,
				BE04705826783F57009BA9B1 /* CircleImage.swift in Sources */,
				BE61E0CD2678528C0030CEED /* Landmark.swift in Sources */,
				BE61E0D82678567E0030CEED /* LandmarkRow.swift in Sources */,
				BE61E0D0267853F40030CEED /* ModelData.swift in Sources */,
			);
			runOnlyForDeploymentPostprocessing = 0;
		};
		BEFF776126817CDC009FAA5E /* Sources */ = {
			isa = PBXSourcesBuildPhase;
			buildActionMask = 2147483647;
			files = (
				BEFF776F26817CDC009FAA5E /* NotificationController.swift in Sources */,
				BEFF779726817E01009FAA5E /* Profile.swift in Sources */,
				BEFF779626817E01009FAA5E /* Landmark.swift in Sources */,
				BEFF779326817E01009FAA5E /* MapView.swift in Sources */,
				BE03FFDD2686C74E00C6C177 /* LandmarkList.swift in Sources */,
				BEFF779926817E01009FAA5E /* Hike.swift in Sources */,
				BEFF779F26817F02009FAA5E /* LandmarkDetail.swift in Sources */,
				BE03FFDE2686C77800C6C177 /* LandmarkRow.swift in Sources */,
				BEFF779526817E01009FAA5E /* LandmarksApp.swift in Sources */,
				BEFF776D26817CDC009FAA5E /* ContentView.swift in Sources */,
				BEFF777326817CDC009FAA5E /* ComplicationController.swift in Sources */,
				BEFF779426817E01009FAA5E /* CircleImage.swift in Sources */,
				BEFF777126817CDC009FAA5E /* NotificationView.swift in Sources */,
				BEFF779226817E01009FAA5E /* ModelData.swift in Sources */,
			);
			runOnlyForDeploymentPostprocessing = 0;
		};
/* End PBXSourcesBuildPhase section */

/* Begin PBXTargetDependency section */
		BEFF776826817CDC009FAA5E /* PBXTargetDependency */ = {
			isa = PBXTargetDependency;
			target = BEFF776426817CDC009FAA5E /* WatchLandmarks Extension */;
			targetProxy = BEFF776726817CDC009FAA5E /* PBXContainerItemProxy */;
		};
		BEFF777C26817CDD009FAA5E /* PBXTargetDependency */ = {
			isa = PBXTargetDependency;
			target = BEFF775B26817CD8009FAA5E /* WatchLandmarks */;
			targetProxy = BEFF777B26817CDD009FAA5E /* PBXContainerItemProxy */;
		};
/* End PBXTargetDependency section */

/* Begin XCBuildConfiguration section */
		BE03FFC42686B45000C6C177 /* Debug */ = {
			isa = XCBuildConfiguration;
			buildSettings = {
				ASSETCATALOG_COMPILER_APPICON_NAME = AppIcon;
				ASSETCATALOG_COMPILER_GLOBAL_ACCENT_COLOR_NAME = AccentColor;
				CODE_SIGN_ENTITLEMENTS = MacLandmarks/MacLandmarks.entitlements;
				CODE_SIGN_STYLE = Automatic;
				COMBINE_HIDPI_IMAGES = YES;
				DEVELOPMENT_ASSET_PATHS = "\"MacLandmarks/Preview Content\"";
				DEVELOPMENT_TEAM = 2UFQYC5ZLB;
				ENABLE_HARDENED_RUNTIME = YES;
				ENABLE_PREVIEWS = YES;
				INFOPLIST_FILE = MacLandmarks/Info.plist;
				LD_RUNPATH_SEARCH_PATHS = (
					"$(inherited)",
					"@executable_path/../Frameworks",
				);
				MACOSX_DEPLOYMENT_TARGET = 11.3;
				PRODUCT_BUNDLE_IDENTIFIER = com.dberggren.MacLandmarks;
				PRODUCT_NAME = "$(TARGET_NAME)";
				SDKROOT = macosx;
				SWIFT_VERSION = 5.0;
			};
			name = Debug;
		};
		BE03FFC52686B45000C6C177 /* Release */ = {
			isa = XCBuildConfiguration;
			buildSettings = {
				ASSETCATALOG_COMPILER_APPICON_NAME = AppIcon;
				ASSETCATALOG_COMPILER_GLOBAL_ACCENT_COLOR_NAME = AccentColor;
				CODE_SIGN_ENTITLEMENTS = MacLandmarks/MacLandmarks.entitlements;
				CODE_SIGN_STYLE = Automatic;
				COMBINE_HIDPI_IMAGES = YES;
				DEVELOPMENT_ASSET_PATHS = "\"MacLandmarks/Preview Content\"";
				DEVELOPMENT_TEAM = 2UFQYC5ZLB;
				ENABLE_HARDENED_RUNTIME = YES;
				ENABLE_PREVIEWS = YES;
				INFOPLIST_FILE = MacLandmarks/Info.plist;
				LD_RUNPATH_SEARCH_PATHS = (
					"$(inherited)",
					"@executable_path/../Frameworks",
				);
				MACOSX_DEPLOYMENT_TARGET = 11.3;
				PRODUCT_BUNDLE_IDENTIFIER = com.dberggren.MacLandmarks;
				PRODUCT_NAME = "$(TARGET_NAME)";
				SDKROOT = macosx;
				SWIFT_VERSION = 5.0;
			};
			name = Release;
		};
		BE04704F26781A46009BA9B1 /* Debug */ = {
			isa = XCBuildConfiguration;
			buildSettings = {
				ALWAYS_SEARCH_USER_PATHS = NO;
				CLANG_ANALYZER_NONNULL = YES;
				CLANG_ANALYZER_NUMBER_OBJECT_CONVERSION = YES_AGGRESSIVE;
				CLANG_CXX_LANGUAGE_STANDARD = "gnu++14";
				CLANG_CXX_LIBRARY = "libc++";
				CLANG_ENABLE_MODULES = YES;
				CLANG_ENABLE_OBJC_ARC = YES;
				CLANG_ENABLE_OBJC_WEAK = YES;
				CLANG_WARN_BLOCK_CAPTURE_AUTORELEASING = YES;
				CLANG_WARN_BOOL_CONVERSION = YES;
				CLANG_WARN_COMMA = YES;
				CLANG_WARN_CONSTANT_CONVERSION = YES;
				CLANG_WARN_DEPRECATED_OBJC_IMPLEMENTATIONS = YES;
				CLANG_WARN_DIRECT_OBJC_ISA_USAGE = YES_ERROR;
				CLANG_WARN_DOCUMENTATION_COMMENTS = YES;
				CLANG_WARN_EMPTY_BODY = YES;
				CLANG_WARN_ENUM_CONVERSION = YES;
				CLANG_WARN_INFINITE_RECURSION = YES;
				CLANG_WARN_INT_CONVERSION = YES;
				CLANG_WARN_NON_LITERAL_NULL_CONVERSION = YES;
				CLANG_WARN_OBJC_IMPLICIT_RETAIN_SELF = YES;
				CLANG_WARN_OBJC_LITERAL_CONVERSION = YES;
				CLANG_WARN_OBJC_ROOT_CLASS = YES_ERROR;
				CLANG_WARN_QUOTED_INCLUDE_IN_FRAMEWORK_HEADER = YES;
				CLANG_WARN_RANGE_LOOP_ANALYSIS = YES;
				CLANG_WARN_STRICT_PROTOTYPES = YES;
				CLANG_WARN_SUSPICIOUS_MOVE = YES;
				CLANG_WARN_UNGUARDED_AVAILABILITY = YES_AGGRESSIVE;
				CLANG_WARN_UNREACHABLE_CODE = YES;
				CLANG_WARN__DUPLICATE_METHOD_MATCH = YES;
				COPY_PHASE_STRIP = NO;
				DEBUG_INFORMATION_FORMAT = dwarf;
				ENABLE_STRICT_OBJC_MSGSEND = YES;
				ENABLE_TESTABILITY = YES;
				GCC_C_LANGUAGE_STANDARD = gnu11;
				GCC_DYNAMIC_NO_PIC = NO;
				GCC_NO_COMMON_BLOCKS = YES;
				GCC_OPTIMIZATION_LEVEL = 0;
				GCC_PREPROCESSOR_DEFINITIONS = (
					"DEBUG=1",
					"$(inherited)",
				);
				GCC_WARN_64_TO_32_BIT_CONVERSION = YES;
				GCC_WARN_ABOUT_RETURN_TYPE = YES_ERROR;
				GCC_WARN_UNDECLARED_SELECTOR = YES;
				GCC_WARN_UNINITIALIZED_AUTOS = YES_AGGRESSIVE;
				GCC_WARN_UNUSED_FUNCTION = YES;
				GCC_WARN_UNUSED_VARIABLE = YES;
				IPHONEOS_DEPLOYMENT_TARGET = 14.5;
				MACOSX_DEPLOYMENT_TARGET = 11.3;
				MTL_ENABLE_DEBUG_INFO = INCLUDE_SOURCE;
				MTL_FAST_MATH = YES;
				ONLY_ACTIVE_ARCH = YES;
				SDKROOT = iphoneos;
				SWIFT_ACTIVE_COMPILATION_CONDITIONS = DEBUG;
				SWIFT_OPTIMIZATION_LEVEL = "-Onone";
			};
			name = Debug;
		};
		BE04705026781A46009BA9B1 /* Release */ = {
			isa = XCBuildConfiguration;
			buildSettings = {
				ALWAYS_SEARCH_USER_PATHS = NO;
				CLANG_ANALYZER_NONNULL = YES;
				CLANG_ANALYZER_NUMBER_OBJECT_CONVERSION = YES_AGGRESSIVE;
				CLANG_CXX_LANGUAGE_STANDARD = "gnu++14";
				CLANG_CXX_LIBRARY = "libc++";
				CLANG_ENABLE_MODULES = YES;
				CLANG_ENABLE_OBJC_ARC = YES;
				CLANG_ENABLE_OBJC_WEAK = YES;
				CLANG_WARN_BLOCK_CAPTURE_AUTORELEASING = YES;
				CLANG_WARN_BOOL_CONVERSION = YES;
				CLANG_WARN_COMMA = YES;
				CLANG_WARN_CONSTANT_CONVERSION = YES;
				CLANG_WARN_DEPRECATED_OBJC_IMPLEMENTATIONS = YES;
				CLANG_WARN_DIRECT_OBJC_ISA_USAGE = YES_ERROR;
				CLANG_WARN_DOCUMENTATION_COMMENTS = YES;
				CLANG_WARN_EMPTY_BODY = YES;
				CLANG_WARN_ENUM_CONVERSION = YES;
				CLANG_WARN_INFINITE_RECURSION = YES;
				CLANG_WARN_INT_CONVERSION = YES;
				CLANG_WARN_NON_LITERAL_NULL_CONVERSION = YES;
				CLANG_WARN_OBJC_IMPLICIT_RETAIN_SELF = YES;
				CLANG_WARN_OBJC_LITERAL_CONVERSION = YES;
				CLANG_WARN_OBJC_ROOT_CLASS = YES_ERROR;
				CLANG_WARN_QUOTED_INCLUDE_IN_FRAMEWORK_HEADER = YES;
				CLANG_WARN_RANGE_LOOP_ANALYSIS = YES;
				CLANG_WARN_STRICT_PROTOTYPES = YES;
				CLANG_WARN_SUSPICIOUS_MOVE = YES;
				CLANG_WARN_UNGUARDED_AVAILABILITY = YES_AGGRESSIVE;
				CLANG_WARN_UNREACHABLE_CODE = YES;
				CLANG_WARN__DUPLICATE_METHOD_MATCH = YES;
				COPY_PHASE_STRIP = NO;
				DEBUG_INFORMATION_FORMAT = "dwarf-with-dsym";
				ENABLE_NS_ASSERTIONS = NO;
				ENABLE_STRICT_OBJC_MSGSEND = YES;
				GCC_C_LANGUAGE_STANDARD = gnu11;
				GCC_NO_COMMON_BLOCKS = YES;
				GCC_WARN_64_TO_32_BIT_CONVERSION = YES;
				GCC_WARN_ABOUT_RETURN_TYPE = YES_ERROR;
				GCC_WARN_UNDECLARED_SELECTOR = YES;
				GCC_WARN_UNINITIALIZED_AUTOS = YES_AGGRESSIVE;
				GCC_WARN_UNUSED_FUNCTION = YES;
				GCC_WARN_UNUSED_VARIABLE = YES;
				IPHONEOS_DEPLOYMENT_TARGET = 14.5;
				MACOSX_DEPLOYMENT_TARGET = 11.3;
				MTL_ENABLE_DEBUG_INFO = NO;
				MTL_FAST_MATH = YES;
				SDKROOT = iphoneos;
				SWIFT_COMPILATION_MODE = wholemodule;
				SWIFT_OPTIMIZATION_LEVEL = "-O";
				VALIDATE_PRODUCT = YES;
			};
			name = Release;
		};
		BE04705226781A46009BA9B1 /* Debug */ = {
			isa = XCBuildConfiguration;
			buildSettings = {
				ASSETCATALOG_COMPILER_APPICON_NAME = AppIcon;
				ASSETCATALOG_COMPILER_GLOBAL_ACCENT_COLOR_NAME = AccentColor;
				CODE_SIGN_STYLE = Automatic;
				DEVELOPMENT_ASSET_PATHS = "\"Landmarks/Preview Content\"";
				DEVELOPMENT_TEAM = 2UFQYC5ZLB;
				ENABLE_PREVIEWS = YES;
				INFOPLIST_FILE = Landmarks/Info.plist;
				IPHONEOS_DEPLOYMENT_TARGET = 14.0;
				LD_RUNPATH_SEARCH_PATHS = (
					"$(inherited)",
					"@executable_path/Frameworks",
				);
				PRODUCT_BUNDLE_IDENTIFIER = com.dberggren.Landmarks;
				PRODUCT_NAME = "$(TARGET_NAME)";
				SWIFT_VERSION = 5.0;
				TARGETED_DEVICE_FAMILY = "1,2";
			};
			name = Debug;
		};
		BE04705326781A46009BA9B1 /* Release */ = {
			isa = XCBuildConfiguration;
			buildSettings = {
				ASSETCATALOG_COMPILER_APPICON_NAME = AppIcon;
				ASSETCATALOG_COMPILER_GLOBAL_ACCENT_COLOR_NAME = AccentColor;
				CODE_SIGN_STYLE = Automatic;
				DEVELOPMENT_ASSET_PATHS = "\"Landmarks/Preview Content\"";
				DEVELOPMENT_TEAM = 2UFQYC5ZLB;
				ENABLE_PREVIEWS = YES;
				INFOPLIST_FILE = Landmarks/Info.plist;
				IPHONEOS_DEPLOYMENT_TARGET = 14.0;
				LD_RUNPATH_SEARCH_PATHS = (
					"$(inherited)",
					"@executable_path/Frameworks",
				);
				PRODUCT_BUNDLE_IDENTIFIER = com.dberggren.Landmarks;
				PRODUCT_NAME = "$(TARGET_NAME)";
				SWIFT_VERSION = 5.0;
				TARGETED_DEVICE_FAMILY = "1,2";
			};
			name = Release;
		};
		BEFF777F26817CDD009FAA5E /* Debug */ = {
			isa = XCBuildConfiguration;
			buildSettings = {
				ALWAYS_EMBED_SWIFT_STANDARD_LIBRARIES = YES;
				ASSETCATALOG_COMPILER_APPICON_NAME = AppIcon;
				ASSETCATALOG_COMPILER_GLOBAL_ACCENT_COLOR_NAME = AccentColor;
				CODE_SIGN_STYLE = Automatic;
				DEVELOPMENT_TEAM = 2UFQYC5ZLB;
				IBSC_MODULE = WatchLandmarks_Extension;
				INFOPLIST_FILE = WatchLandmarks/Info.plist;
				PRODUCT_BUNDLE_IDENTIFIER = com.dberggren.Landmarks.watchkitapp;
				PRODUCT_NAME = "$(TARGET_NAME)";
				SDKROOT = watchos;
				SKIP_INSTALL = YES;
				SWIFT_VERSION = 5.0;
				TARGETED_DEVICE_FAMILY = 4;
				WATCHOS_DEPLOYMENT_TARGET = 7.2;
			};
			name = Debug;
		};
		BEFF778026817CDD009FAA5E /* Release */ = {
			isa = XCBuildConfiguration;
			buildSettings = {
				ALWAYS_EMBED_SWIFT_STANDARD_LIBRARIES = YES;
				ASSETCATALOG_COMPILER_APPICON_NAME = AppIcon;
				ASSETCATALOG_COMPILER_GLOBAL_ACCENT_COLOR_NAME = AccentColor;
				CODE_SIGN_STYLE = Automatic;
				DEVELOPMENT_TEAM = 2UFQYC5ZLB;
				IBSC_MODULE = WatchLandmarks_Extension;
				INFOPLIST_FILE = WatchLandmarks/Info.plist;
				PRODUCT_BUNDLE_IDENTIFIER = com.dberggren.Landmarks.watchkitapp;
				PRODUCT_NAME = "$(TARGET_NAME)";
				SDKROOT = watchos;
				SKIP_INSTALL = YES;
				SWIFT_VERSION = 5.0;
				TARGETED_DEVICE_FAMILY = 4;
				WATCHOS_DEPLOYMENT_TARGET = 7.2;
			};
			name = Release;
		};
		BEFF778226817CDD009FAA5E /* Debug */ = {
			isa = XCBuildConfiguration;
			buildSettings = {
				ASSETCATALOG_COMPILER_COMPLICATION_NAME = Complication;
				CODE_SIGN_STYLE = Automatic;
				DEVELOPMENT_ASSET_PATHS = "\"WatchLandmarks Extension/Preview Content\"";
				DEVELOPMENT_TEAM = 2UFQYC5ZLB;
				ENABLE_PREVIEWS = YES;
				INFOPLIST_FILE = "WatchLandmarks Extension/Info.plist";
				LD_RUNPATH_SEARCH_PATHS = (
					"$(inherited)",
					"@executable_path/Frameworks",
					"@executable_path/../../Frameworks",
				);
				PRODUCT_BUNDLE_IDENTIFIER = com.dberggren.Landmarks.watchkitapp.watchkitextension;
				PRODUCT_NAME = "${TARGET_NAME}";
				SDKROOT = watchos;
				SKIP_INSTALL = YES;
				SWIFT_VERSION = 5.0;
				TARGETED_DEVICE_FAMILY = 4;
				WATCHOS_DEPLOYMENT_TARGET = 7.2;
			};
			name = Debug;
		};
		BEFF778326817CDD009FAA5E /* Release */ = {
			isa = XCBuildConfiguration;
			buildSettings = {
				ASSETCATALOG_COMPILER_COMPLICATION_NAME = Complication;
				CODE_SIGN_STYLE = Automatic;
				DEVELOPMENT_ASSET_PATHS = "\"WatchLandmarks Extension/Preview Content\"";
				DEVELOPMENT_TEAM = 2UFQYC5ZLB;
				ENABLE_PREVIEWS = YES;
				INFOPLIST_FILE = "WatchLandmarks Extension/Info.plist";
				LD_RUNPATH_SEARCH_PATHS = (
					"$(inherited)",
					"@executable_path/Frameworks",
					"@executable_path/../../Frameworks",
				);
				PRODUCT_BUNDLE_IDENTIFIER = com.dberggren.Landmarks.watchkitapp.watchkitextension;
				PRODUCT_NAME = "${TARGET_NAME}";
				SDKROOT = watchos;
				SKIP_INSTALL = YES;
				SWIFT_VERSION = 5.0;
				TARGETED_DEVICE_FAMILY = 4;
				WATCHOS_DEPLOYMENT_TARGET = 7.2;
			};
			name = Release;
		};
/* End XCBuildConfiguration section */

/* Begin XCConfigurationList section */
		BE03FFCA2686B45000C6C177 /* Build configuration list for PBXNativeTarget "MacLandmarks" */ = {
			isa = XCConfigurationList;
			buildConfigurations = (
				BE03FFC42686B45000C6C177 /* Debug */,
				BE03FFC52686B45000C6C177 /* Release */,
			);
			defaultConfigurationIsVisible = 0;
			defaultConfigurationName = Release;
		};
		BE04703D26781A45009BA9B1 /* Build configuration list for PBXProject "Landmarks" */ = {
			isa = XCConfigurationList;
			buildConfigurations = (
				BE04704F26781A46009BA9B1 /* Debug */,
				BE04705026781A46009BA9B1 /* Release */,
			);
			defaultConfigurationIsVisible = 0;
			defaultConfigurationName = Release;
		};
		BE04705126781A46009BA9B1 /* Build configuration list for PBXNativeTarget "Landmarks" */ = {
			isa = XCConfigurationList;
			buildConfigurations = (
				BE04705226781A46009BA9B1 /* Debug */,
				BE04705326781A46009BA9B1 /* Release */,
			);
			defaultConfigurationIsVisible = 0;
			defaultConfigurationName = Release;
		};
		BEFF778426817CDD009FAA5E /* Build configuration list for PBXNativeTarget "WatchLandmarks Extension" */ = {
			isa = XCConfigurationList;
			buildConfigurations = (
				BEFF778226817CDD009FAA5E /* Debug */,
				BEFF778326817CDD009FAA5E /* Release */,
			);
			defaultConfigurationIsVisible = 0;
			defaultConfigurationName = Release;
		};
		BEFF778526817CDD009FAA5E /* Build configuration list for PBXNativeTarget "WatchLandmarks" */ = {
			isa = XCConfigurationList;
			buildConfigurations = (
				BEFF777F26817CDD009FAA5E /* Debug */,
				BEFF778026817CDD009FAA5E /* Release */,
			);
			defaultConfigurationIsVisible = 0;
			defaultConfigurationName = Release;
		};
/* End XCConfigurationList section */
	};
	rootObject = BE04703A26781A45009BA9B1 /* Project object */;
}
